{
  "name": "api-front",
  "version": "1.0.0",
  "lockfileVersion": 3,
  "requires": true,
  "packages": {
    "": {
      "name": "api-front",
      "version": "1.0.0",
      "license": "ISC",
      "dependencies": {
        "dotenv": "^17.2.0",
        "envdot": "^0.0.3"
      }
    },
    "node_modules/dotenv": {
      "version": "17.2.0",
      "resolved": "https://registry.npmjs.org/dotenv/-/dotenv-17.2.0.tgz",
      "integrity": "sha512-Q4sgBT60gzd0BB0lSyYD3xM4YxrXA9y4uBDof1JNYGzOXrQdQ6yX+7XIAqoFOGQFOTK1D3Hts5OllpxMDZFONQ==",
      "license": "BSD-2-Clause",
      "engines": {
        "node": ">=12"
      },
      "funding": {
        "url": "https://dotenvx.com"
      }
    },
    "node_modules/envdot": {
      "version": "0.0.3",
      "resolved": "https://registry.npmjs.org/envdot/-/envdot-0.0.3.tgz",
      "integrity": "sha512-vaJ+ac5s9X/cz1hPA7D/JLSbkloEZVozkzx2n83xcCUxuaQf/sHwjFIUiJfBwSoEU3crecRT7OftKCizhe9dwA==",
      "license": "MIT",
      "dependencies": {
        "dotenv": "^7.0.0"
      },
      "bin": {
        "envdot": "index.js"
      },
      "engines": {
        "node": ">=10.0.0"
      }
    },
    "node_modules/envdot/node_modules/dotenv": {
      "version": "7.0.0",
      "resolved": "https://registry.npmjs.org/dotenv/-/dotenv-7.0.0.tgz",
      "integrity": "sha512-M3NhsLbV1i6HuGzBUH8vXrtxOk+tWmzWKDMbAVSUp3Zsjm7ywFeuwrUXhmhQyRK1q5B5GGy7hcXPbj3bnfZg2g==",
      "license": "BSD-2-Clause",
      "engines": {
        "node": ">=6"
      }
    }
  }
}
